# This file was autogenerated by Juvix version 0.6.10.
# Do not edit this file manually.

version: 2
checksum: 781d66a93aa76588f06ea0781845331a0a5812dfb54ff5b97e53bb9aef531bdb
dependencies:
- git:
    name: anoma_juvix-test
    ref: c2aad75a84ec95f78e32c11f9ae23eccc1d1ddb3
    url: https://github.com/anoma/juvix-test
  dependencies:
  - git:
      name: anoma_juvix-stdlib
      ref: 01b1da83dd7d0d1c2396e26cf4ec0591cfbf5b15
      url: https://github.com/anoma/juvix-stdlib
    dependencies: []
- git:
    name: anoma_juvix-stdlib
    ref: 01b1da83dd7d0d1c2396e26cf4ec0591cfbf5b15
    url: https://github.com/anoma/juvix-stdlib
  dependencies: []
- git:
    name: anoma_juvix-mtl
    ref: 146c39c54a8b34f656d2cc56a4a9232be198fd61
    url: https://github.com/anoma/juvix-mtl
  dependencies:
  - git:
      name: anoma_juvix-stdlib
      ref: 01b1da83dd7d0d1c2396e26cf4ec0591cfbf5b15
      url: https://github.com/anoma/juvix-stdlib
    dependencies: []
- path: ../
  dependencies:
  - git:
      name: anoma_juvix-stdlib
      ref: 01b1da83dd7d0d1c2396e26cf4ec0591cfbf5b15
      url: https://github.com/anoma/juvix-stdlib
    dependencies: []
  - git:
      name: anoma_juvix-mtl
      ref: 146c39c54a8b34f656d2cc56a4a9232be198fd61
      url: https://github.com/anoma/juvix-mtl
    dependencies:
    - git:
        name: anoma_juvix-stdlib
        ref: 01b1da83dd7d0d1c2396e26cf4ec0591cfbf5b15
        url: https://github.com/anoma/juvix-stdlib
      dependencies: []
