# This file was autogenerated by Juvix version 0.6.10.
# Do not edit this file manually.

version: 2
checksum: 1489253342719ff691fb52fdcd21cd732795aec7522e46dd0bb0e7c43b0f8e6c
dependencies:
- git:
    name: anoma_juvix-test
    ref: f7b836168ee9df7297e3b5a828dfeb64b9c906e1
    url: https://github.com/anoma/juvix-test
  dependencies:
  - git:
      name: anoma_juvix-stdlib
      ref: 01b1da83dd7d0d1c2396e26cf4ec0591cfbf5b15
      url: https://github.com/anoma/juvix-stdlib
    dependencies: []
- git:
    name: anoma_juvix-stdlib
    ref: 01b1da83dd7d0d1c2396e26cf4ec0591cfbf5b15
    url: https://github.com/anoma/juvix-stdlib
  dependencies: []
- git:
    name: anoma_juvix-mtl
    ref: 146c39c54a8b34f656d2cc56a4a9232be198fd61
    url: https://github.com/anoma/juvix-mtl
  dependencies:
  - git:
      name: anoma_juvix-stdlib
      ref: 01b1da83dd7d0d1c2396e26cf4ec0591cfbf5b15
      url: https://github.com/anoma/juvix-stdlib
    dependencies: []
- path: ../
  dependencies:
  - git:
      name: anoma_juvix-stdlib
      ref: 01b1da83dd7d0d1c2396e26cf4ec0591cfbf5b15
      url: https://github.com/anoma/juvix-stdlib
    dependencies: []
  - git:
      name: anoma_juvix-mtl
      ref: 146c39c54a8b34f656d2cc56a4a9232be198fd61
      url: https://github.com/anoma/juvix-mtl
    dependencies:
    - git:
        name: anoma_juvix-stdlib
        ref: 01b1da83dd7d0d1c2396e26cf4ec0591cfbf5b15
        url: https://github.com/anoma/juvix-stdlib
      dependencies: []
