# This file was autogenerated by Juvix version 0.6.10.
# Do not edit this file manually.

version: 2
checksum: 0489465b04909edf0e8687a441151a9e47dbb2ce4678ab6fe0e2b3c13dfa4a32
dependencies:
- git:
    name: anoma_juvix-test
    ref: 1f18fba03ff6aa6954d5a9287a7e8384e835e6f1
    url: https://github.com/anoma/juvix-test
  dependencies:
  - git:
      name: anoma_juvix-stdlib
      ref: 01b1da83dd7d0d1c2396e26cf4ec0591cfbf5b15
      url: https://github.com/anoma/juvix-stdlib
    dependencies: []
- git:
    name: anoma_juvix-stdlib
    ref: 01b1da83dd7d0d1c2396e26cf4ec0591cfbf5b15
    url: https://github.com/anoma/juvix-stdlib
  dependencies: []
- git:
    name: anoma_juvix-mtl
    ref: 146c39c54a8b34f656d2cc56a4a9232be198fd61
    url: https://github.com/anoma/juvix-mtl
  dependencies:
  - git:
      name: anoma_juvix-stdlib
      ref: 01b1da83dd7d0d1c2396e26cf4ec0591cfbf5b15
      url: https://github.com/anoma/juvix-stdlib
    dependencies: []
- path: ../
  dependencies:
  - git:
      name: anoma_juvix-stdlib
      ref: 01b1da83dd7d0d1c2396e26cf4ec0591cfbf5b15
      url: https://github.com/anoma/juvix-stdlib
    dependencies: []
  - git:
      name: anoma_juvix-mtl
      ref: 146c39c54a8b34f656d2cc56a4a9232be198fd61
      url: https://github.com/anoma/juvix-mtl
    dependencies:
    - git:
        name: anoma_juvix-stdlib
        ref: 01b1da83dd7d0d1c2396e26cf4ec0591cfbf5b15
        url: https://github.com/anoma/juvix-stdlib
      dependencies: []
