# This file was autogenerated by Juvix version 0.6.9.
# Do not edit this file manually.

version: 2
checksum: e2a4860cbb63c726e1c85e7734bb7dc653905f2be37229bd4fe4b78d90082a22
dependencies:
- git:
    name: anoma_juvix-stdlib
    ref: 01ff19f1135048be3402e094f2fc89406a44a995
    url: https://github.com/anoma/juvix-stdlib
  dependencies: []
