# This file was autogenerated by Juvix version 0.6.10.
# Do not edit this file manually.

version: 2
checksum: a9ec5fdf14a4ffe4c2f99303f28d32a84ceeff03134fe7b391f618a7385e9ee1
dependencies:
- git:
    name: anoma_juvix-stdlib
    ref: 01b1da83dd7d0d1c2396e26cf4ec0591cfbf5b15
    url: https://github.com/anoma/juvix-stdlib
  dependencies: []
- git:
    name: anoma_juvix-mtl
    ref: 146c39c54a8b34f656d2cc56a4a9232be198fd61
    url: https://github.com/anoma/juvix-mtl
  dependencies:
  - git:
      name: anoma_juvix-stdlib
      ref: 01b1da83dd7d0d1c2396e26cf4ec0591cfbf5b15
      url: https://github.com/anoma/juvix-stdlib
    dependencies: []
